
Microsoft Visual Studio Solution File, Format Version 12.00
# Visual Studio Version 17
VisualStudioVersion = 17.7.34024.191
MinimumVisualStudioVersion = 10.0.40219.1
Project("{FAE04EC0-301F-11D3-BF4B-00C04F79EFBC}") = "WpfApp_Rekendemo", "WpfApp_Rekendemo\WpfApp_Rekendemo.csproj", "{364DB274-45FA-49C0-B546-70A8E09F4104}"
EndProject
Global
	GlobalSection(SolutionConfigurationPlatforms) = preSolution
		Debug|Any CPU = Debug|Any CPU
		Release|Any CPU = Release|Any CPU
	EndGlobalSection
	GlobalSection(ProjectConfigurationPlatforms) = postSolution
		{364DB274-45FA-49C0-B546-70A8E09F4104}.Debug|Any CPU.ActiveCfg = Debug|Any CPU
		{364DB274-45FA-49C0-B546-70A8E09F4104}.Debug|Any CPU.Build.0 = Debug|Any CPU
		{364DB274-45FA-49C0-B546-70A8E09F4104}.Release|Any CPU.ActiveCfg = Release|Any CPU
		{364DB274-45FA-49C0-B546-70A8E09F4104}.Release|Any CPU.Build.0 = Release|Any CPU
	EndGlobalSection
	GlobalSection(SolutionProperties) = preSolution
		HideSolutionNode = FALSE
	EndGlobalSection
	GlobalSection(ExtensibilityGlobals) = postSolution
		SolutionGuid = {B710517A-D4C4-4FAA-8A64-BD4189C5E904}
	EndGlobalSection
EndGlobal
